
Microsoft Visual Studio Solution File, Format Version 12.00
# Visual Studio Version 16
VisualStudioVersion = 16.0.29403.142
MinimumVisualStudioVersion = 10.0.40219.1
Project("{FAE04EC0-301F-11D3-BF4B-00C04F79EFBC}") = "Challenge One", "Challenge One\Challenge One.csproj", "{08F4C945-EAEB-4947-89CB-C72E5786E525}"
EndProject
Project("{FAE04EC0-301F-11D3-BF4B-00C04F79EFBC}") = "ChallengeTwo", "ChallengeTwo\ChallengeTwo.csproj", "{CD18E44B-482E-4833-8008-39BE6E650CE8}"
EndProject
Project("{FAE04EC0-301F-11D3-BF4B-00C04F79EFBC}") = "ChallengeThree", "ChallengeThree\ChallengeThree.csproj", "{23594E6C-631E-4D7E-8F34-F6EBF4049F05}"
EndProject
Global
	GlobalSection(SolutionConfigurationPlatforms) = preSolution
		Debug|Any CPU = Debug|Any CPU
		Release|Any CPU = Release|Any CPU
	EndGlobalSection
	GlobalSection(ProjectConfigurationPlatforms) = postSolution
		{08F4C945-EAEB-4947-89CB-C72E5786E525}.Debug|Any CPU.ActiveCfg = Debug|Any CPU
		{08F4C945-EAEB-4947-89CB-C72E5786E525}.Debug|Any CPU.Build.0 = Debug|Any CPU
		{08F4C945-EAEB-4947-89CB-C72E5786E525}.Release|Any CPU.ActiveCfg = Release|Any CPU
		{08F4C945-EAEB-4947-89CB-C72E5786E525}.Release|Any CPU.Build.0 = Release|Any CPU
		{CD18E44B-482E-4833-8008-39BE6E650CE8}.Debug|Any CPU.ActiveCfg = Debug|Any CPU
		{CD18E44B-482E-4833-8008-39BE6E650CE8}.Debug|Any CPU.Build.0 = Debug|Any CPU
		{CD18E44B-482E-4833-8008-39BE6E650CE8}.Release|Any CPU.ActiveCfg = Release|Any CPU
		{CD18E44B-482E-4833-8008-39BE6E650CE8}.Release|Any CPU.Build.0 = Release|Any CPU
		{23594E6C-631E-4D7E-8F34-F6EBF4049F05}.Debug|Any CPU.ActiveCfg = Debug|Any CPU
		{23594E6C-631E-4D7E-8F34-F6EBF4049F05}.Debug|Any CPU.Build.0 = Debug|Any CPU
		{23594E6C-631E-4D7E-8F34-F6EBF4049F05}.Release|Any CPU.ActiveCfg = Release|Any CPU
		{23594E6C-631E-4D7E-8F34-F6EBF4049F05}.Release|Any CPU.Build.0 = Release|Any CPU
	EndGlobalSection
	GlobalSection(SolutionProperties) = preSolution
		HideSolutionNode = FALSE
	EndGlobalSection
	GlobalSection(ExtensibilityGlobals) = postSolution
		SolutionGuid = {8457EDEB-10F1-4624-B5F1-715BC333EF8F}
	EndGlobalSection
EndGlobal
