
Microsoft Visual Studio Solution File, Format Version 12.00
# Visual Studio Version 16
VisualStudioVersion = 16.0.29403.142
MinimumVisualStudioVersion = 10.0.40219.1
Project("{FAE04EC0-301F-11D3-BF4B-00C04F79EFBC}") = "ChalOne", "ChalOne\ChalOne.csproj", "{17A841DE-5707-4A8B-A780-D099E310DDB9}"
EndProject
Global
	GlobalSection(SolutionConfigurationPlatforms) = preSolution
		Debug|Any CPU = Debug|Any CPU
		Release|Any CPU = Release|Any CPU
	EndGlobalSection
	GlobalSection(ProjectConfigurationPlatforms) = postSolution
		{17A841DE-5707-4A8B-A780-D099E310DDB9}.Debug|Any CPU.ActiveCfg = Debug|Any CPU
		{17A841DE-5707-4A8B-A780-D099E310DDB9}.Debug|Any CPU.Build.0 = Debug|Any CPU
		{17A841DE-5707-4A8B-A780-D099E310DDB9}.Release|Any CPU.ActiveCfg = Release|Any CPU
		{17A841DE-5707-4A8B-A780-D099E310DDB9}.Release|Any CPU.Build.0 = Release|Any CPU
	EndGlobalSection
	GlobalSection(SolutionProperties) = preSolution
		HideSolutionNode = FALSE
	EndGlobalSection
	GlobalSection(ExtensibilityGlobals) = postSolution
		SolutionGuid = {06EB5A49-4151-4E79-B7EE-63D94DC7C464}
	EndGlobalSection
EndGlobal
